// !$*UTF8*$!
{
	archiveVersion = 1;
	classes = {
	};
	objectVersion = 55;
	objects = {

/* Begin PBXBuildFile section */
		0DBBDD782A5475F5005BFC60 /* MainView.swift in Sources */ = {isa = PBXBuildFile; fileRef = 0DBBDD772A5475F5005BFC60 /* MainView.swift */; };
		0DE2CA562A42096100A43273 /* FooterView.swift in Sources */ = {isa = PBXBuildFile; fileRef = 0DE2CA552A42096100A43273 /* FooterView.swift */; };
		0DE2CA582A4210EC00A43273 /* HeaderView.swift in Sources */ = {isa = PBXBuildFile; fileRef = 0DE2CA572A4210EC00A43273 /* HeaderView.swift */; };
		0DE2CA602A43161C00A43273 /* MenuView.swift in Sources */ = {isa = PBXBuildFile; fileRef = 0DE2CA5F2A43161C00A43273 /* MenuView.swift */; };
		B30DA83E29ED7D83007C41FB /* BraveMapApp.swift in Sources */ = {isa = PBXBuildFile; fileRef = B30DA83D29ED7D83007C41FB /* BraveMapApp.swift */; };
		B30DA84029ED7D83007C41FB /* ContentView.swift in Sources */ = {isa = PBXBuildFile; fileRef = B30DA83F29ED7D83007C41FB /* ContentView.swift */; };
		B30DA84229ED7D86007C41FB /* Assets.xcassets in Resources */ = {isa = PBXBuildFile; fileRef = B30DA84129ED7D86007C41FB /* Assets.xcassets */; };
		B30DA84529ED7D86007C41FB /* Preview Assets.xcassets in Resources */ = {isa = PBXBuildFile; fileRef = B30DA84429ED7D86007C41FB /* Preview Assets.xcassets */; };
		B3C18C2C2A38CA5800278D14 /* DetailView.swift in Sources */ = {isa = PBXBuildFile; fileRef = B3C18C282A38CA5700278D14 /* DetailView.swift */; };
		B3C18C2D2A38CA5800278D14 /* GroupDetailView.swift in Sources */ = {isa = PBXBuildFile; fileRef = B3C18C292A38CA5700278D14 /* GroupDetailView.swift */; };
		B3C18C2E2A38CA5800278D14 /* EditView.swift in Sources */ = {isa = PBXBuildFile; fileRef = B3C18C2A2A38CA5700278D14 /* EditView.swift */; };
		B3C18C2F2A38CA5800278D14 /* LoginView.swift in Sources */ = {isa = PBXBuildFile; fileRef = B3C18C2B2A38CA5700278D14 /* LoginView.swift */; };
		B3C18C332A38CA6500278D14 /* TagView.swift in Sources */ = {isa = PBXBuildFile; fileRef = B3C18C302A38CA6500278D14 /* TagView.swift */; };
		B3C18C342A38CA6500278D14 /* SearchView.swift in Sources */ = {isa = PBXBuildFile; fileRef = B3C18C312A38CA6500278D14 /* SearchView.swift */; };
		B3C18C352A38CA6500278D14 /* TopView.swift in Sources */ = {isa = PBXBuildFile; fileRef = B3C18C322A38CA6500278D14 /* TopView.swift */; };
/* End PBXBuildFile section */

/* Begin PBXFileReference section */
		0DBBDD772A5475F5005BFC60 /* MainView.swift */ = {isa = PBXFileReference; lastKnownFileType = sourcecode.swift; path = MainView.swift; sourceTree = "<group>"; };
		0DE2CA552A42096100A43273 /* FooterView.swift */ = {isa = PBXFileReference; lastKnownFileType = sourcecode.swift; path = FooterView.swift; sourceTree = "<group>"; };
		0DE2CA572A4210EC00A43273 /* HeaderView.swift */ = {isa = PBXFileReference; lastKnownFileType = sourcecode.swift; path = HeaderView.swift; sourceTree = "<group>"; };
		0DE2CA5F2A43161C00A43273 /* MenuView.swift */ = {isa = PBXFileReference; lastKnownFileType = sourcecode.swift; path = MenuView.swift; sourceTree = "<group>"; };
		B30DA83A29ED7D83007C41FB /* BraveMap.app */ = {isa = PBXFileReference; explicitFileType = wrapper.application; includeInIndex = 0; path = BraveMap.app; sourceTree = BUILT_PRODUCTS_DIR; };
		B30DA83D29ED7D83007C41FB /* BraveMapApp.swift */ = {isa = PBXFileReference; lastKnownFileType = sourcecode.swift; path = BraveMapApp.swift; sourceTree = "<group>"; };
		B30DA83F29ED7D83007C41FB /* ContentView.swift */ = {isa = PBXFileReference; lastKnownFileType = sourcecode.swift; path = ContentView.swift; sourceTree = "<group>"; };
		B30DA84129ED7D86007C41FB /* Assets.xcassets */ = {isa = PBXFileReference; lastKnownFileType = folder.assetcatalog; path = Assets.xcassets; sourceTree = "<group>"; };
		B30DA84429ED7D86007C41FB /* Preview Assets.xcassets */ = {isa = PBXFileReference; lastKnownFileType = folder.assetcatalog; path = "Preview Assets.xcassets"; sourceTree = "<group>"; };
		B3C18C282A38CA5700278D14 /* DetailView.swift */ = {isa = PBXFileReference; fileEncoding = 4; lastKnownFileType = sourcecode.swift; path = DetailView.swift; sourceTree = "<group>"; };
		B3C18C292A38CA5700278D14 /* GroupDetailView.swift */ = {isa = PBXFileReference; fileEncoding = 4; lastKnownFileType = sourcecode.swift; path = GroupDetailView.swift; sourceTree = "<group>"; };
		B3C18C2A2A38CA5700278D14 /* EditView.swift */ = {isa = PBXFileReference; fileEncoding = 4; lastKnownFileType = sourcecode.swift; path = EditView.swift; sourceTree = "<group>"; };
		B3C18C2B2A38CA5700278D14 /* LoginView.swift */ = {isa = PBXFileReference; fileEncoding = 4; lastKnownFileType = sourcecode.swift; path = LoginView.swift; sourceTree = "<group>"; };
		B3C18C302A38CA6500278D14 /* TagView.swift */ = {isa = PBXFileReference; fileEncoding = 4; lastKnownFileType = sourcecode.swift; path = TagView.swift; sourceTree = "<group>"; };
		B3C18C312A38CA6500278D14 /* SearchView.swift */ = {isa = PBXFileReference; fileEncoding = 4; lastKnownFileType = sourcecode.swift; path = SearchView.swift; sourceTree = "<group>"; };
		B3C18C322A38CA6500278D14 /* TopView.swift */ = {isa = PBXFileReference; fileEncoding = 4; lastKnownFileType = sourcecode.swift; path = TopView.swift; sourceTree = "<group>"; };
/* End PBXFileReference section */

/* Begin PBXFrameworksBuildPhase section */
		B30DA83729ED7D83007C41FB /* Frameworks */ = {
			isa = PBXFrameworksBuildPhase;
			buildActionMask = 2147483647;
			files = (
			);
			runOnlyForDeploymentPostprocessing = 0;
		};
/* End PBXFrameworksBuildPhase section */

/* Begin PBXGroup section */
		B30DA83129ED7D83007C41FB = {
			isa = PBXGroup;
			children = (
				B30DA83C29ED7D83007C41FB /* BraveMap */,
				B30DA83B29ED7D83007C41FB /* Products */,
			);
			sourceTree = "<group>";
		};
		B30DA83B29ED7D83007C41FB /* Products */ = {
			isa = PBXGroup;
			children = (
				B30DA83A29ED7D83007C41FB /* BraveMap.app */,
			);
			name = Products;
			sourceTree = "<group>";
		};
		B30DA83C29ED7D83007C41FB /* BraveMap */ = {
			isa = PBXGroup;
			children = (
				B30DA83D29ED7D83007C41FB /* BraveMapApp.swift */,
				B30DA83F29ED7D83007C41FB /* ContentView.swift */,
				B3C18C282A38CA5700278D14 /* DetailView.swift */,
				B3C18C2A2A38CA5700278D14 /* EditView.swift */,
				B3C18C292A38CA5700278D14 /* GroupDetailView.swift */,
				B3C18C2B2A38CA5700278D14 /* LoginView.swift */,
				B3C18C312A38CA6500278D14 /* SearchView.swift */,
				0DE2CA5F2A43161C00A43273 /* MenuView.swift */,
				B3C18C302A38CA6500278D14 /* TagView.swift */,
				B3C18C322A38CA6500278D14 /* TopView.swift */,
				0DBBDD772A5475F5005BFC60 /* MainView.swift */,
				0DE2CA572A4210EC00A43273 /* HeaderView.swift */,
				0DE2CA552A42096100A43273 /* FooterView.swift */,
				B30DA84129ED7D86007C41FB /* Assets.xcassets */,
				B30DA84329ED7D86007C41FB /* Preview Content */,
			);
			path = BraveMap;
			sourceTree = "<group>";
		};
		B30DA84329ED7D86007C41FB /* Preview Content */ = {
			isa = PBXGroup;
			children = (
				B30DA84429ED7D86007C41FB /* Preview Assets.xcassets */,
			);
			path = "Preview Content";
			sourceTree = "<group>";
		};
/* End PBXGroup section */

/* Begin PBXNativeTarget section */
		B30DA83929ED7D83007C41FB /* BraveMap */ = {
			isa = PBXNativeTarget;
			buildConfigurationList = B30DA84829ED7D86007C41FB /* Build configuration list for PBXNativeTarget "BraveMap" */;
			buildPhases = (
				B30DA83629ED7D83007C41FB /* Sources */,
				B30DA83729ED7D83007C41FB /* Frameworks */,
				B30DA83829ED7D83007C41FB /* Resources */,
			);
			buildRules = (
			);
			dependencies = (
			);
			name = BraveMap;
			productName = BraveMap;
			productReference = B30DA83A29ED7D83007C41FB /* BraveMap.app */;
			productType = "com.apple.product-type.application";
		};
/* End PBXNativeTarget section */

/* Begin PBXProject section */
		B30DA83229ED7D83007C41FB /* Project object */ = {
			isa = PBXProject;
			attributes = {
				BuildIndependentTargetsInParallel = 1;
				LastSwiftUpdateCheck = 1310;
				LastUpgradeCheck = 1310;
				TargetAttributes = {
					B30DA83929ED7D83007C41FB = {
						CreatedOnToolsVersion = 13.1;
					};
				};
			};
			buildConfigurationList = B30DA83529ED7D83007C41FB /* Build configuration list for PBXProject "BraveMap" */;
			compatibilityVersion = "Xcode 13.0";
			developmentRegion = en;
			hasScannedForEncodings = 0;
			knownRegions = (
				en,
				Base,
			);
			mainGroup = B30DA83129ED7D83007C41FB;
			productRefGroup = B30DA83B29ED7D83007C41FB /* Products */;
			projectDirPath = "";
			projectRoot = "";
			targets = (
				B30DA83929ED7D83007C41FB /* BraveMap */,
			);
		};
/* End PBXProject section */

/* Begin PBXResourcesBuildPhase section */
		B30DA83829ED7D83007C41FB /* Resources */ = {
			isa = PBXResourcesBuildPhase;
			buildActionMask = 2147483647;
			files = (
				B30DA84529ED7D86007C41FB /* Preview Assets.xcassets in Resources */,
				B30DA84229ED7D86007C41FB /* Assets.xcassets in Resources */,
			);
			runOnlyForDeploymentPostprocessing = 0;
		};
/* End PBXResourcesBuildPhase section */

/* Begin PBXSourcesBuildPhase section */
		B30DA83629ED7D83007C41FB /* Sources */ = {
			isa = PBXSourcesBuildPhase;
			buildActionMask = 2147483647;
			files = (
				B3C18C2F2A38CA5800278D14 /* LoginView.swift in Sources */,
				0DBBDD782A5475F5005BFC60 /* MainView.swift in Sources */,
				0DE2CA602A43161C00A43273 /* MenuView.swift in Sources */,
				B30DA84029ED7D83007C41FB /* ContentView.swift in Sources */,
				B3C18C2E2A38CA5800278D14 /* EditView.swift in Sources */,
				0DE2CA562A42096100A43273 /* FooterView.swift in Sources */,
				B3C18C2C2A38CA5800278D14 /* DetailView.swift in Sources */,
				B3C18C342A38CA6500278D14 /* SearchView.swift in Sources */,
				B3C18C332A38CA6500278D14 /* TagView.swift in Sources */,
				0DE2CA582A4210EC00A43273 /* HeaderView.swift in Sources */,
				B30DA83E29ED7D83007C41FB /* BraveMapApp.swift in Sources */,
				B3C18C352A38CA6500278D14 /* TopView.swift in Sources */,
				B3C18C2D2A38CA5800278D14 /* GroupDetailView.swift in Sources */,
			);
			runOnlyForDeploymentPostprocessing = 0;
		};
/* End PBXSourcesBuildPhase section */

/* Begin XCBuildConfiguration section */
		B30DA84629ED7D86007C41FB /* Debug */ = {
			isa = XCBuildConfiguration;
			buildSettings = {
				ALWAYS_SEARCH_USER_PATHS = NO;
				CLANG_ANALYZER_NONNULL = YES;
				CLANG_ANALYZER_NUMBER_OBJECT_CONVERSION = YES_AGGRESSIVE;
				CLANG_CXX_LANGUAGE_STANDARD = "gnu++17";
				CLANG_CXX_LIBRARY = "libc++";
				CLANG_ENABLE_MODULES = YES;
				CLANG_ENABLE_OBJC_ARC = YES;
				CLANG_ENABLE_OBJC_WEAK = YES;
				CLANG_WARN_BLOCK_CAPTURE_AUTORELEASING = YES;
				CLANG_WARN_BOOL_CONVERSION = YES;
				CLANG_WARN_COMMA = YES;
				CLANG_WARN_CONSTANT_CONVERSION = YES;
				CLANG_WARN_DEPRECATED_OBJC_IMPLEMENTATIONS = YES;
				CLANG_WARN_DIRECT_OBJC_ISA_USAGE = YES_ERROR;
				CLANG_WARN_DOCUMENTATION_COMMENTS = YES;
				CLANG_WARN_EMPTY_BODY = YES;
				CLANG_WARN_ENUM_CONVERSION = YES;
				CLANG_WARN_INFINITE_RECURSION = YES;
				CLANG_WARN_INT_CONVERSION = YES;
				CLANG_WARN_NON_LITERAL_NULL_CONVERSION = YES;
				CLANG_WARN_OBJC_IMPLICIT_RETAIN_SELF = YES;
				CLANG_WARN_OBJC_LITERAL_CONVERSION = YES;
				CLANG_WARN_OBJC_ROOT_CLASS = YES_ERROR;
				CLANG_WARN_QUOTED_INCLUDE_IN_FRAMEWORK_HEADER = YES;
				CLANG_WARN_RANGE_LOOP_ANALYSIS = YES;
				CLANG_WARN_STRICT_PROTOTYPES = YES;
				CLANG_WARN_SUSPICIOUS_MOVE = YES;
				CLANG_WARN_UNGUARDED_AVAILABILITY = YES_AGGRESSIVE;
				CLANG_WARN_UNREACHABLE_CODE = YES;
				CLANG_WARN__DUPLICATE_METHOD_MATCH = YES;
				COPY_PHASE_STRIP = NO;
				DEBUG_INFORMATION_FORMAT = dwarf;
				ENABLE_STRICT_OBJC_MSGSEND = YES;
				ENABLE_TESTABILITY = YES;
				GCC_C_LANGUAGE_STANDARD = gnu11;
				GCC_DYNAMIC_NO_PIC = NO;
				GCC_NO_COMMON_BLOCKS = YES;
				GCC_OPTIMIZATION_LEVEL = 0;
				GCC_PREPROCESSOR_DEFINITIONS = (
					"DEBUG=1",
					"$(inherited)",
				);
				GCC_WARN_64_TO_32_BIT_CONVERSION = YES;
				GCC_WARN_ABOUT_RETURN_TYPE = YES_ERROR;
				GCC_WARN_UNDECLARED_SELECTOR = YES;
				GCC_WARN_UNINITIALIZED_AUTOS = YES_AGGRESSIVE;
				GCC_WARN_UNUSED_FUNCTION = YES;
				GCC_WARN_UNUSED_VARIABLE = YES;
				IPHONEOS_DEPLOYMENT_TARGET = 15.0;
				MTL_ENABLE_DEBUG_INFO = INCLUDE_SOURCE;
				MTL_FAST_MATH = YES;
				ONLY_ACTIVE_ARCH = YES;
				SDKROOT = iphoneos;
				SWIFT_ACTIVE_COMPILATION_CONDITIONS = DEBUG;
				SWIFT_OPTIMIZATION_LEVEL = "-Onone";
			};
			name = Debug;
		};
		B30DA84729ED7D86007C41FB /* Release */ = {
			isa = XCBuildConfiguration;
			buildSettings = {
				ALWAYS_SEARCH_USER_PATHS = NO;
				CLANG_ANALYZER_NONNULL = YES;
				CLANG_ANALYZER_NUMBER_OBJECT_CONVERSION = YES_AGGRESSIVE;
				CLANG_CXX_LANGUAGE_STANDARD = "gnu++17";
				CLANG_CXX_LIBRARY = "libc++";
				CLANG_ENABLE_MODULES = YES;
				CLANG_ENABLE_OBJC_ARC = YES;
				CLANG_ENABLE_OBJC_WEAK = YES;
				CLANG_WARN_BLOCK_CAPTURE_AUTORELEASING = YES;
				CLANG_WARN_BOOL_CONVERSION = YES;
				CLANG_WARN_COMMA = YES;
				CLANG_WARN_CONSTANT_CONVERSION = YES;
				CLANG_WARN_DEPRECATED_OBJC_IMPLEMENTATIONS = YES;
				CLANG_WARN_DIRECT_OBJC_ISA_USAGE = YES_ERROR;
				CLANG_WARN_DOCUMENTATION_COMMENTS = YES;
				CLANG_WARN_EMPTY_BODY = YES;
				CLANG_WARN_ENUM_CONVERSION = YES;
				CLANG_WARN_INFINITE_RECURSION = YES;
				CLANG_WARN_INT_CONVERSION = YES;
				CLANG_WARN_NON_LITERAL_NULL_CONVERSION = YES;
				CLANG_WARN_OBJC_IMPLICIT_RETAIN_SELF = YES;
				CLANG_WARN_OBJC_LITERAL_CONVERSION = YES;
				CLANG_WARN_OBJC_ROOT_CLASS = YES_ERROR;
				CLANG_WARN_QUOTED_INCLUDE_IN_FRAMEWORK_HEADER = YES;
				CLANG_WARN_RANGE_LOOP_ANALYSIS = YES;
				CLANG_WARN_STRICT_PROTOTYPES = YES;
				CLANG_WARN_SUSPICIOUS_MOVE = YES;
				CLANG_WARN_UNGUARDED_AVAILABILITY = YES_AGGRESSIVE;
				CLANG_WARN_UNREACHABLE_CODE = YES;
				CLANG_WARN__DUPLICATE_METHOD_MATCH = YES;
				COPY_PHASE_STRIP = NO;
				DEBUG_INFORMATION_FORMAT = "dwarf-with-dsym";
				ENABLE_NS_ASSERTIONS = NO;
				ENABLE_STRICT_OBJC_MSGSEND = YES;
				GCC_C_LANGUAGE_STANDARD = gnu11;
				GCC_NO_COMMON_BLOCKS = YES;
				GCC_WARN_64_TO_32_BIT_CONVERSION = YES;
				GCC_WARN_ABOUT_RETURN_TYPE = YES_ERROR;
				GCC_WARN_UNDECLARED_SELECTOR = YES;
				GCC_WARN_UNINITIALIZED_AUTOS = YES_AGGRESSIVE;
				GCC_WARN_UNUSED_FUNCTION = YES;
				GCC_WARN_UNUSED_VARIABLE = YES;
				IPHONEOS_DEPLOYMENT_TARGET = 15.0;
				MTL_ENABLE_DEBUG_INFO = NO;
				MTL_FAST_MATH = YES;
				SDKROOT = iphoneos;
				SWIFT_COMPILATION_MODE = wholemodule;
				SWIFT_OPTIMIZATION_LEVEL = "-O";
				VALIDATE_PRODUCT = YES;
			};
			name = Release;
		};
		B30DA84929ED7D86007C41FB /* Debug */ = {
			isa = XCBuildConfiguration;
			buildSettings = {
				ASSETCATALOG_COMPILER_APPICON_NAME = AppIcon;
				ASSETCATALOG_COMPILER_GLOBAL_ACCENT_COLOR_NAME = AccentColor;
				CODE_SIGN_STYLE = Automatic;
				CURRENT_PROJECT_VERSION = 1;
				DEVELOPMENT_ASSET_PATHS = "\"BraveMap/Preview Content\"";
				DEVELOPMENT_TEAM = HR5C8KU7MR;
				ENABLE_PREVIEWS = YES;
				GENERATE_INFOPLIST_FILE = YES;
				INFOPLIST_KEY_UIApplicationSceneManifest_Generation = YES;
				INFOPLIST_KEY_UIApplicationSupportsIndirectInputEvents = YES;
				INFOPLIST_KEY_UILaunchScreen_Generation = YES;
				INFOPLIST_KEY_UISupportedInterfaceOrientations_iPad = "UIInterfaceOrientationPortrait UIInterfaceOrientationPortraitUpsideDown UIInterfaceOrientationLandscapeLeft UIInterfaceOrientationLandscapeRight";
				INFOPLIST_KEY_UISupportedInterfaceOrientations_iPhone = "UIInterfaceOrientationPortrait UIInterfaceOrientationLandscapeLeft UIInterfaceOrientationLandscapeRight";
				LD_RUNPATH_SEARCH_PATHS = (
					"$(inherited)",
					"@executable_path/Frameworks",
				);
				MARKETING_VERSION = 1.0;
				PRODUCT_BUNDLE_IDENTIFIER = edu.self.BraveMap;
				PRODUCT_NAME = "$(TARGET_NAME)";
				SWIFT_EMIT_LOC_STRINGS = YES;
				SWIFT_VERSION = 5.0;
				TARGETED_DEVICE_FAMILY = "1,2";
			};
			name = Debug;
		};
		B30DA84A29ED7D86007C41FB /* Release */ = {
			isa = XCBuildConfiguration;
			buildSettings = {
				ASSETCATALOG_COMPILER_APPICON_NAME = AppIcon;
				ASSETCATALOG_COMPILER_GLOBAL_ACCENT_COLOR_NAME = AccentColor;
				CODE_SIGN_STYLE = Automatic;
				CURRENT_PROJECT_VERSION = 1;
				DEVELOPMENT_ASSET_PATHS = "\"BraveMap/Preview Content\"";
				DEVELOPMENT_TEAM = HR5C8KU7MR;
				ENABLE_PREVIEWS = YES;
				GENERATE_INFOPLIST_FILE = YES;
				INFOPLIST_KEY_UIApplicationSceneManifest_Generation = YES;
				INFOPLIST_KEY_UIApplicationSupportsIndirectInputEvents = YES;
				INFOPLIST_KEY_UILaunchScreen_Generation = YES;
				INFOPLIST_KEY_UISupportedInterfaceOrientations_iPad = "UIInterfaceOrientationPortrait UIInterfaceOrientationPortraitUpsideDown UIInterfaceOrientationLandscapeLeft UIInterfaceOrientationLandscapeRight";
				INFOPLIST_KEY_UISupportedInterfaceOrientations_iPhone = "UIInterfaceOrientationPortrait UIInterfaceOrientationLandscapeLeft UIInterfaceOrientationLandscapeRight";
				LD_RUNPATH_SEARCH_PATHS = (
					"$(inherited)",
					"@executable_path/Frameworks",
				);
				MARKETING_VERSION = 1.0;
				PRODUCT_BUNDLE_IDENTIFIER = edu.self.BraveMap;
				PRODUCT_NAME = "$(TARGET_NAME)";
				SWIFT_EMIT_LOC_STRINGS = YES;
				SWIFT_VERSION = 5.0;
				TARGETED_DEVICE_FAMILY = "1,2";
			};
			name = Release;
		};
/* End XCBuildConfiguration section */

/* Begin XCConfigurationList section */
		B30DA83529ED7D83007C41FB /* Build configuration list for PBXProject "BraveMap" */ = {
			isa = XCConfigurationList;
			buildConfigurations = (
				B30DA84629ED7D86007C41FB /* Debug */,
				B30DA84729ED7D86007C41FB /* Release */,
			);
			defaultConfigurationIsVisible = 0;
			defaultConfigurationName = Release;
		};
		B30DA84829ED7D86007C41FB /* Build configuration list for PBXNativeTarget "BraveMap" */ = {
			isa = XCConfigurationList;
			buildConfigurations = (
				B30DA84929ED7D86007C41FB /* Debug */,
				B30DA84A29ED7D86007C41FB /* Release */,
			);
			defaultConfigurationIsVisible = 0;
			defaultConfigurationName = Release;
		};
/* End XCConfigurationList section */
	};
	rootObject = B30DA83229ED7D83007C41FB /* Project object */;
}
